
Microsoft Visual Studio Solution File, Format Version 12.00
# Visual Studio Version 17
VisualStudioVersion = 17.5.33530.505
MinimumVisualStudioVersion = 10.0.40219.1
Project("{8BC9CEB8-8B4A-11D0-8D11-00A0C91BC942}") = "kbhit예제코드", "kbhit예제코드\kbhit예제코드.vcxproj", "{30E86EB4-F927-41C4-B81B-1D63BE743951}"
EndProject
Global
	GlobalSection(SolutionConfigurationPlatforms) = preSolution
		Debug|x64 = Debug|x64
		Debug|x86 = Debug|x86
		Release|x64 = Release|x64
		Release|x86 = Release|x86
	EndGlobalSection
	GlobalSection(ProjectConfigurationPlatforms) = postSolution
		{30E86EB4-F927-41C4-B81B-1D63BE743951}.Debug|x64.ActiveCfg = Debug|x64
		{30E86EB4-F927-41C4-B81B-1D63BE743951}.Debug|x64.Build.0 = Debug|x64
		{30E86EB4-F927-41C4-B81B-1D63BE743951}.Debug|x86.ActiveCfg = Debug|Win32
		{30E86EB4-F927-41C4-B81B-1D63BE743951}.Debug|x86.Build.0 = Debug|Win32
		{30E86EB4-F927-41C4-B81B-1D63BE743951}.Release|x64.ActiveCfg = Release|x64
		{30E86EB4-F927-41C4-B81B-1D63BE743951}.Release|x64.Build.0 = Release|x64
		{30E86EB4-F927-41C4-B81B-1D63BE743951}.Release|x86.ActiveCfg = Release|Win32
		{30E86EB4-F927-41C4-B81B-1D63BE743951}.Release|x86.Build.0 = Release|Win32
	EndGlobalSection
	GlobalSection(SolutionProperties) = preSolution
		HideSolutionNode = FALSE
	EndGlobalSection
	GlobalSection(ExtensibilityGlobals) = postSolution
		SolutionGuid = {58322CB3-1893-4A3D-AB26-1A5CF79CFAB2}
	EndGlobalSection
EndGlobal
