
Microsoft Visual Studio Solution File, Format Version 12.00
# Visual Studio Version 17
VisualStudioVersion = 17.5.33530.505
MinimumVisualStudioVersion = 10.0.40219.1
Project("{8BC9CEB8-8B4A-11D0-8D11-00A0C91BC942}") = "미로찾기 프리", "미로찾기 프리\미로찾기 프리.vcxproj", "{9E579CD2-77CC-45E6-B588-4493D8C5521C}"
EndProject
Global
	GlobalSection(SolutionConfigurationPlatforms) = preSolution
		Debug|x64 = Debug|x64
		Debug|x86 = Debug|x86
		Release|x64 = Release|x64
		Release|x86 = Release|x86
	EndGlobalSection
	GlobalSection(ProjectConfigurationPlatforms) = postSolution
		{9E579CD2-77CC-45E6-B588-4493D8C5521C}.Debug|x64.ActiveCfg = Debug|x64
		{9E579CD2-77CC-45E6-B588-4493D8C5521C}.Debug|x64.Build.0 = Debug|x64
		{9E579CD2-77CC-45E6-B588-4493D8C5521C}.Debug|x86.ActiveCfg = Debug|Win32
		{9E579CD2-77CC-45E6-B588-4493D8C5521C}.Debug|x86.Build.0 = Debug|Win32
		{9E579CD2-77CC-45E6-B588-4493D8C5521C}.Release|x64.ActiveCfg = Release|x64
		{9E579CD2-77CC-45E6-B588-4493D8C5521C}.Release|x64.Build.0 = Release|x64
		{9E579CD2-77CC-45E6-B588-4493D8C5521C}.Release|x86.ActiveCfg = Release|Win32
		{9E579CD2-77CC-45E6-B588-4493D8C5521C}.Release|x86.Build.0 = Release|Win32
	EndGlobalSection
	GlobalSection(SolutionProperties) = preSolution
		HideSolutionNode = FALSE
	EndGlobalSection
	GlobalSection(ExtensibilityGlobals) = postSolution
		SolutionGuid = {45131E76-9647-4032-B8FC-17D688848AC1}
	EndGlobalSection
EndGlobal
